version = 1
revision = 3
requires-python = ">=3.12"

[[package]]
name = "aiofiles"
version = "25.1.0"
source = { registry = "https://pypi.org/simple" }
sdist = { url = "https://files.pythonhosted.org/packages/41/c3/534eac40372d8ee36ef40df62ec129bee4fdb5ad9706e58a29be53b2c970/aiofiles-25.1.0.tar.gz", hash = "sha256:a8d728f0a29de45dc521f18f07297428d56992a742f0cd2701ba86e44d23d5b2", size = 46354, upload-time = "2025-10-09T20:51:04.358Z" }
wheels = [
    { url = "https://files.pythonhosted.org/packages/bc/8a/340a1555ae33d7354dbca4faa54948d76d89a27ceef032c8c3bc661d003e/aiofiles-25.1.0-py3-none-any.whl", hash = "sha256:abe311e527c862958650f9438e859c1fa7568a141b22abcd015e120e86a85695", size = 14668, upload-time = "2025-10-09T20:51:03.174Z" },
]

[[package]]
name = "beyer-labs-h2pcontrol-grpc-python"
version = "1.80.0.1.20260516155212+4b9a3452c9bb"
source = { registry = "https://buf.build/gen/python" }
dependencies = [
    { name = "beyer-labs-h2pcontrol-protocolbuffers-python" },
    { name = "grpcio" },
]
wheels = [
    { url = "https://buf.build/gen/python/beyer-labs-h2pcontrol-grpc-python/beyer_labs_h2pcontrol_grpc_python-1.80.0.1.20260516155212+4b9a3452c9bb-py3-none-any.whl", upload-time = "2026-05-16T15:52:12Z" },
]

[[package]]
name = "beyer-labs-h2pcontrol-protocolbuffers-pyi"
version = "34.1.0.1.20260516155212+4b9a3452c9bb"
source = { registry = "https://buf.build/gen/python" }
dependencies = [
    { name = "protobuf" },
    { name = "types-protobuf" },
]
wheels = [
    { url = "https://buf.build/gen/python/beyer-labs-h2pcontrol-protocolbuffers-pyi/beyer_labs_h2pcontrol_protocolbuffers_pyi-34.1.0.1.20260516155212+4b9a3452c9bb-py3-none-any.whl", upload-time = "2026-05-16T15:52:12Z" },
]

[[package]]
name = "beyer-labs-h2pcontrol-protocolbuffers-python"
version = "34.1.0.1.20260516155212+4b9a3452c9bb"
source = { registry = "https://buf.build/gen/python" }
dependencies = [
    { name = "beyer-labs-h2pcontrol-protocolbuffers-pyi" },
    { name = "protobuf" },
]
wheels = [
    { url = "https://buf.build/gen/python/beyer-labs-h2pcontrol-protocolbuffers-python/beyer_labs_h2pcontrol_protocolbuffers_python-34.1.0.1.20260516155212+4b9a3452c9bb-py3-none-any.whl", upload-time = "2026-05-16T15:52:12Z" },
]

[[package]]
name = "certifi"
version = "2026.4.22"
source = { registry = "https://pypi.org/simple" }
sdist = { url = "https://files.pythonhosted.org/packages/25/ee/6caf7a40c36a1220410afe15a1cc64993a1f864871f698c0f93acb72842a/certifi-2026.4.22.tar.gz", hash = "sha256:8d455352a37b71bf76a79caa83a3d6c25afee4a385d632127b6afb3963f1c580", size = 137077, upload-time = "2026-04-22T11:26:11.191Z" }
wheels = [
    { url = "https://files.pythonhosted.org/packages/22/30/7cd8fdcdfbc5b869528b079bfb76dcdf6056b1a2097a662e5e8c04f42965/certifi-2026.4.22-py3-none-any.whl", hash = "sha256:3cb2210c8f88ba2318d29b0388d1023c8492ff72ecdde4ebdaddbb13a31b1c4a", size = 135707, upload-time = "2026-04-22T11:26:09.372Z" },
]

[[package]]
name = "grpcio"
version = "1.80.0"
source = { registry = "https://pypi.org/simple" }
dependencies = [
    { name = "typing-extensions" },
]
sdist = { url = "https://files.pythonhosted.org/packages/b7/48/af6173dbca4454f4637a4678b67f52ca7e0c1ed7d5894d89d434fecede05/grpcio-1.80.0.tar.gz", hash = "sha256:29aca15edd0688c22ba01d7cc01cb000d72b2033f4a3c72a81a19b56fd143257", size = 12978905, upload-time = "2026-03-30T08:49:10.502Z" }
wheels = [
    { url = "https://files.pythonhosted.org/packages/5c/e8/a2b749265eb3415abc94f2e619bbd9e9707bebdda787e61c593004ec927a/grpcio-1.80.0-cp312-cp312-linux_armv7l.whl", hash = "sha256:c624cc9f1008361014378c9d776de7182b11fe8b2e5a81bc69f23a295f2a1ad0", size = 6015616, upload-time = "2026-03-30T08:47:13.428Z" },
    { url = "https://files.pythonhosted.org/packages/3e/97/b1282161a15d699d1e90c360df18d19165a045ce1c343c7f313f5e8a0b77/grpcio-1.80.0-cp312-cp312-macosx_11_0_universal2.whl", hash = "sha256:f49eddcac43c3bf350c0385366a58f36bed8cc2c0ec35ef7b74b49e56552c0c2", size = 12014204, upload-time = "2026-03-30T08:47:15.873Z" },
    { url = "https://files.pythonhosted.org/packages/6e/5e/d319c6e997b50c155ac5a8cb12f5173d5b42677510e886d250d50264949d/grpcio-1.80.0-cp312-cp312-manylinux2014_aarch64.manylinux_2_17_aarch64.whl", hash = "sha256:d334591df610ab94714048e0d5b4f3dd5ad1bee74dfec11eee344220077a79de", size = 6563866, upload-time = "2026-03-30T08:47:18.588Z" },
    { url = "https://files.pythonhosted.org/packages/ae/f6/fdd975a2cb4d78eb67769a7b3b3830970bfa2e919f1decf724ae4445f42c/grpcio-1.80.0-cp312-cp312-manylinux2014_i686.manylinux_2_17_i686.whl", hash = "sha256:0cb517eb1d0d0aaf1d87af7cc5b801d686557c1d88b2619f5e31fab3c2315921", size = 7273060, upload-time = "2026-03-30T08:47:21.113Z" },
    { url = "https://files.pythonhosted.org/packages/db/f0/a3deb5feba60d9538a962913e37bd2e69a195f1c3376a3dd44fe0427e996/grpcio-1.80.0-cp312-cp312-manylinux2014_x86_64.manylinux_2_17_x86_64.whl", hash = "sha256:4e78c4ac0d97dc2e569b2f4bcbbb447491167cb358d1a389fc4af71ab6f70411", size = 6782121, upload-time = "2026-03-30T08:47:23.827Z" },
    { url = "https://files.pythonhosted.org/packages/ca/84/36c6dcfddc093e108141f757c407902a05085e0c328007cb090d56646cdf/grpcio-1.80.0-cp312-cp312-musllinux_1_2_aarch64.whl", hash = "sha256:2ed770b4c06984f3b47eb0517b1c69ad0b84ef3f40128f51448433be904634cd", size = 7383811, upload-time = "2026-03-30T08:47:26.517Z" },
    { url = "https://files.pythonhosted.org/packages/7c/ef/f3a77e3dc5b471a0ec86c564c98d6adfa3510d38f8ee99010410858d591e/grpcio-1.80.0-cp312-cp312-musllinux_1_2_i686.whl", hash = "sha256:256507e2f524092f1473071a05e65a5b10d84b82e3ff24c5b571513cfaa61e2f", size = 8393860, upload-time = "2026-03-30T08:47:29.439Z" },
    { url = "https://files.pythonhosted.org/packages/9b/8d/9d4d27ed7f33d109c50d6b5ce578a9914aa68edab75d65869a17e630a8d1/grpcio-1.80.0-cp312-cp312-musllinux_1_2_x86_64.whl", hash = "sha256:9a6284a5d907c37db53350645567c522be314bac859a64a7a5ca63b77bb7958f", size = 7830132, upload-time = "2026-03-30T08:47:33.254Z" },
    { url = "https://files.pythonhosted.org/packages/14/e4/9990b41c6d7a44e1e9dee8ac11d7a9802ba1378b40d77468a7761d1ad288/grpcio-1.80.0-cp312-cp312-win32.whl", hash = "sha256:c71309cfce2f22be26aa4a847357c502db6c621f1a49825ae98aa0907595b193", size = 4140904, upload-time = "2026-03-30T08:47:35.319Z" },
    { url = "https://files.pythonhosted.org/packages/2f/2c/296f6138caca1f4b92a31ace4ae1b87dab692fc16a7a3417af3bb3c805bf/grpcio-1.80.0-cp312-cp312-win_amd64.whl", hash = "sha256:9fe648599c0e37594c4809d81a9e77bd138cc82eb8baa71b6a86af65426723ff", size = 4880944, upload-time = "2026-03-30T08:47:37.831Z" },
    { url = "https://files.pythonhosted.org/packages/2f/3a/7c3c25789e3f069e581dc342e03613c5b1cb012c4e8c7d9d5cf960a75856/grpcio-1.80.0-cp313-cp313-linux_armv7l.whl", hash = "sha256:e9e408fc016dffd20661f0126c53d8a31c2821b5c13c5d67a0f5ed5de93319ad", size = 6017243, upload-time = "2026-03-30T08:47:40.075Z" },
    { url = "https://files.pythonhosted.org/packages/04/19/21a9806eb8240e174fd1ab0cd5b9aa948bb0e05c2f2f55f9d5d7405e6d08/grpcio-1.80.0-cp313-cp313-macosx_11_0_universal2.whl", hash = "sha256:92d787312e613754d4d8b9ca6d3297e69994a7912a32fa38c4c4e01c272974b0", size = 12010840, upload-time = "2026-03-30T08:47:43.11Z" },
    { url = "https://files.pythonhosted.org/packages/18/3a/23347d35f76f639e807fb7a36fad3068aed100996849a33809591f26eca6/grpcio-1.80.0-cp313-cp313-manylinux2014_aarch64.manylinux_2_17_aarch64.whl", hash = "sha256:8ac393b58aa16991a2f1144ec578084d544038c12242da3a215966b512904d0f", size = 6567644, upload-time = "2026-03-30T08:47:46.806Z" },
    { url = "https://files.pythonhosted.org/packages/ff/40/96e07ecb604a6a67ae6ab151e3e35b132875d98bc68ec65f3e5ab3e781d7/grpcio-1.80.0-cp313-cp313-manylinux2014_i686.manylinux_2_17_i686.whl", hash = "sha256:68e5851ac4b9afe07e7f84483803ad167852570d65326b34d54ca560bfa53fb6", size = 7277830, upload-time = "2026-03-30T08:47:49.643Z" },
    { url = "https://files.pythonhosted.org/packages/9b/e2/da1506ecea1f34a5e365964644b35edef53803052b763ca214ba3870c856/grpcio-1.80.0-cp313-cp313-manylinux2014_x86_64.manylinux_2_17_x86_64.whl", hash = "sha256:873ff5d17d68992ef6605330127425d2fc4e77e612fa3c3e0ed4e668685e3140", size = 6783216, upload-time = "2026-03-30T08:47:52.817Z" },
    { url = "https://files.pythonhosted.org/packages/44/83/3b20ff58d0c3b7f6caaa3af9a4174d4023701df40a3f39f7f1c8e7c48f9d/grpcio-1.80.0-cp313-cp313-musllinux_1_2_aarch64.whl", hash = "sha256:2bea16af2750fd0a899bf1abd9022244418b55d1f37da2202249ba4ba673838d", size = 7385866, upload-time = "2026-03-30T08:47:55.687Z" },
    { url = "https://files.pythonhosted.org/packages/47/45/55c507599c5520416de5eefecc927d6a0d7af55e91cfffb2e410607e5744/grpcio-1.80.0-cp313-cp313-musllinux_1_2_i686.whl", hash = "sha256:ba0db34f7e1d803a878284cd70e4c63cb6ae2510ba51937bf8f45ba997cefcf7", size = 8391602, upload-time = "2026-03-30T08:47:58.303Z" },
    { url = "https://files.pythonhosted.org/packages/10/bb/dd06f4c24c01db9cf11341b547d0a016b2c90ed7dbbb086a5710df7dd1d7/grpcio-1.80.0-cp313-cp313-musllinux_1_2_x86_64.whl", hash = "sha256:8eb613f02d34721f1acf3626dfdb3545bd3c8505b0e52bf8b5710a28d02e8aa7", size = 7826752, upload-time = "2026-03-30T08:48:01.311Z" },
    { url = "https://files.pythonhosted.org/packages/f9/1e/9d67992ba23371fd63d4527096eb8c6b76d74d52b500df992a3343fd7251/grpcio-1.80.0-cp313-cp313-win32.whl", hash = "sha256:93b6f823810720912fd131f561f91f5fed0fda372b6b7028a2681b8194d5d294", size = 4142310, upload-time = "2026-03-30T08:48:04.594Z" },
    { url = "https://files.pythonhosted.org/packages/cf/e6/283326a27da9e2c3038bc93eeea36fb118ce0b2d03922a9cda6688f53c5b/grpcio-1.80.0-cp313-cp313-win_amd64.whl", hash = "sha256:e172cf795a3ba5246d3529e4d34c53db70e888fa582a8ffebd2e6e48bc0cba50", size = 4882833, upload-time = "2026-03-30T08:48:07.363Z" },
    { url = "https://files.pythonhosted.org/packages/c5/6d/e65307ce20f5a09244ba9e9d8476e99fb039de7154f37fb85f26978b59c3/grpcio-1.80.0-cp314-cp314-linux_armv7l.whl", hash = "sha256:3d4147a97c8344d065d01bbf8b6acec2cf86fb0400d40696c8bdad34a64ffc0e", size = 6017376, upload-time = "2026-03-30T08:48:10.005Z" },
    { url = "https://files.pythonhosted.org/packages/69/10/9cef5d9650c72625a699c549940f0abb3c4bfdb5ed45a5ce431f92f31806/grpcio-1.80.0-cp314-cp314-macosx_11_0_universal2.whl", hash = "sha256:d8e11f167935b3eb089ac9038e1a063e6d7dbe995c0bb4a661e614583352e76f", size = 12018133, upload-time = "2026-03-30T08:48:12.927Z" },
    { url = "https://files.pythonhosted.org/packages/04/82/983aabaad82ba26113caceeb9091706a0696b25da004fe3defb5b346e15b/grpcio-1.80.0-cp314-cp314-manylinux2014_aarch64.manylinux_2_17_aarch64.whl", hash = "sha256:f14b618fc30de822681ee986cfdcc2d9327229dc4c98aed16896761cacd468b9", size = 6574748, upload-time = "2026-03-30T08:48:16.386Z" },
    { url = "https://files.pythonhosted.org/packages/07/d7/031666ef155aa0bf399ed7e19439656c38bbd143779ae0861b038ce82abd/grpcio-1.80.0-cp314-cp314-manylinux2014_i686.manylinux_2_17_i686.whl", hash = "sha256:4ed39fbdcf9b87370f6e8df4e39ca7b38b3e5e9d1b0013c7b6be9639d6578d14", size = 7277711, upload-time = "2026-03-30T08:48:19.627Z" },
    { url = "https://files.pythonhosted.org/packages/e8/43/f437a78f7f4f1d311804189e8f11fb311a01049b2e08557c1068d470cb2e/grpcio-1.80.0-cp314-cp314-manylinux2014_x86_64.manylinux_2_17_x86_64.whl", hash = "sha256:2dcc70e9f0ba987526e8e8603a610fb4f460e42899e74e7a518bf3c68fe1bf05", size = 6785372, upload-time = "2026-03-30T08:48:22.373Z" },
    { url = "https://files.pythonhosted.org/packages/93/3d/f6558e9c6296cb4227faa5c43c54a34c68d32654b829f53288313d16a86e/grpcio-1.80.0-cp314-cp314-musllinux_1_2_aarch64.whl", hash = "sha256:448c884b668b868562b1bda833c5fce6272d26e1926ec46747cda05741d302c1", size = 7395268, upload-time = "2026-03-30T08:48:25.638Z" },
    { url = "https://files.pythonhosted.org/packages/06/21/0fdd77e84720b08843c371a2efa6f2e19dbebf56adc72df73d891f5506f0/grpcio-1.80.0-cp314-cp314-musllinux_1_2_i686.whl", hash = "sha256:a1dc80fe55685b4a543555e6eef975303b36c8db1023b1599b094b92aa77965f", size = 8392000, upload-time = "2026-03-30T08:48:28.974Z" },
    { url = "https://files.pythonhosted.org/packages/f5/68/67f4947ed55d2e69f2cc199ab9fd85e0a0034d813bbeef84df6d2ba4d4b7/grpcio-1.80.0-cp314-cp314-musllinux_1_2_x86_64.whl", hash = "sha256:31b9ac4ad1aa28ffee5503821fafd09e4da0a261ce1c1281c6c8da0423c83b6e", size = 7828477, upload-time = "2026-03-30T08:48:32.054Z" },
    { url = "https://files.pythonhosted.org/packages/44/b6/8d4096691b2e385e8271911a0de4f35f0a6c7d05aff7098e296c3de86939/grpcio-1.80.0-cp314-cp314-win32.whl", hash = "sha256:367ce30ba67d05e0592470428f0ec1c31714cab9ef19b8f2e37be1f4c7d32fae", size = 4218563, upload-time = "2026-03-30T08:48:34.538Z" },
    { url = "https://files.pythonhosted.org/packages/e5/8c/bbe6baf2557262834f2070cf668515fa308b2d38a4bbf771f8f7872a7036/grpcio-1.80.0-cp314-cp314-win_amd64.whl", hash = "sha256:3b01e1f5464c583d2f567b2e46ff0d516ef979978f72091fd81f5ab7fa6e2e7f", size = 5019457, upload-time = "2026-03-30T08:48:37.308Z" },
]

[[package]]
name = "h2pcontrol-daq-central"
version = "0.1.0"
source = { virtual = "." }
dependencies = [
    { name = "aiofiles" },
    { name = "beyer-labs-h2pcontrol-grpc-python" },
    { name = "beyer-labs-h2pcontrol-protocolbuffers-pyi" },
    { name = "beyer-labs-h2pcontrol-protocolbuffers-python" },
    { name = "grpcio" },
    { name = "h5py" },
    { name = "influxdb-client" },
    { name = "protobuf" },
    { name = "python-dotenv" },
]

[package.metadata]
requires-dist = [
    { name = "aiofiles" },
    { name = "beyer-labs-h2pcontrol-grpc-python", specifier = ">=1.80.0.1.20260406165239" },
    { name = "beyer-labs-h2pcontrol-protocolbuffers-pyi", specifier = ">=34.1.0.1.20260406165239" },
    { name = "beyer-labs-h2pcontrol-protocolbuffers-python", specifier = ">=34.1.0.1.20260406165239" },
    { name = "grpcio", specifier = ">=1.80.0" },
    { name = "h5py" },
    { name = "influxdb-client" },
    { name = "protobuf" },
    { name = "python-dotenv" },
]

[[package]]
name = "h5py"
version = "3.16.0"
source = { registry = "https://pypi.org/simple" }
dependencies = [
    { name = "numpy" },
]
sdist = { url = "https://files.pythonhosted.org/packages/db/33/acd0ce6863b6c0d7735007df01815403f5589a21ff8c2e1ee2587a38f548/h5py-3.16.0.tar.gz", hash = "sha256:a0dbaad796840ccaa67a4c144a0d0c8080073c34c76d5a6941d6818678ef2738", size = 446526, upload-time = "2026-03-06T13:49:08.07Z" }
wheels = [
    { url = "https://files.pythonhosted.org/packages/c8/c0/5d4119dba94093bbafede500d3defd2f5eab7897732998c04b54021e530b/h5py-3.16.0-cp312-cp312-macosx_10_13_x86_64.whl", hash = "sha256:c5313566f4643121a78503a473f0fb1e6dcc541d5115c44f05e037609c565c4d", size = 3685604, upload-time = "2026-03-06T13:48:04.198Z" },
    { url = "https://files.pythonhosted.org/packages/b0/42/c84efcc1d4caebafb1ecd8be4643f39c85c47a80fe254d92b8b43b1eadaf/h5py-3.16.0-cp312-cp312-macosx_11_0_arm64.whl", hash = "sha256:42b012933a83e1a558c673176676a10ce2fd3759976a0fedee1e672d1e04fc9d", size = 3061940, upload-time = "2026-03-06T13:48:05.783Z" },
    { url = "https://files.pythonhosted.org/packages/89/84/06281c82d4d1686fde1ac6b0f307c50918f1c0151062445ab3b6fa5a921d/h5py-3.16.0-cp312-cp312-manylinux_2_28_aarch64.whl", hash = "sha256:ff24039e2573297787c3063df64b60aab0591980ac898329a08b0320e0cf2527", size = 5198852, upload-time = "2026-03-06T13:48:07.482Z" },
    { url = "https://files.pythonhosted.org/packages/9e/e9/1a19e42cd43cc1365e127db6aae85e1c671da1d9a5d746f4d34a50edb577/h5py-3.16.0-cp312-cp312-manylinux_2_28_x86_64.whl", hash = "sha256:dfc21898ff025f1e8e67e194965a95a8d4754f452f83454538f98f8a3fcb207e", size = 5405250, upload-time = "2026-03-06T13:48:09.628Z" },
    { url = "https://files.pythonhosted.org/packages/b7/8e/9790c1655eabeb85b92b1ecab7d7e62a2069e53baefd58c98f0909c7a948/h5py-3.16.0-cp312-cp312-musllinux_1_2_aarch64.whl", hash = "sha256:698dd69291272642ffda44a0ecd6cd3bda5faf9621452d255f57ce91487b9794", size = 5190108, upload-time = "2026-03-06T13:48:11.26Z" },
    { url = "https://files.pythonhosted.org/packages/51/d7/ab693274f1bd7e8c5f9fdd6c7003a88d59bedeaf8752716a55f532924fbb/h5py-3.16.0-cp312-cp312-musllinux_1_2_x86_64.whl", hash = "sha256:2b2c02b0a160faed5fb33f1ba8a264a37ee240b22e049ecc827345d0d9043074", size = 5419216, upload-time = "2026-03-06T13:48:13.322Z" },
    { url = "https://files.pythonhosted.org/packages/03/c1/0976b235cf29ead553e22f2fb6385a8252b533715e00d0ae52ed7b900582/h5py-3.16.0-cp312-cp312-win_amd64.whl", hash = "sha256:96b422019a1c8975c2d5dadcf61d4ba6f01c31f92bbde6e4649607885fe502d6", size = 3182868, upload-time = "2026-03-06T13:48:15.759Z" },
    { url = "https://files.pythonhosted.org/packages/14/d9/866b7e570b39070f92d47b0ff1800f0f8239b6f9e45f02363d7112336c1f/h5py-3.16.0-cp312-cp312-win_arm64.whl", hash = "sha256:39c2838fb1e8d97bcf1755e60ad1f3dd76a7b2a475928dc321672752678b96db", size = 2653286, upload-time = "2026-03-06T13:48:17.279Z" },
    { url = "https://files.pythonhosted.org/packages/0f/9e/6142ebfda0cb6e9349c091eae73c2e01a770b7659255248d637bec54a88b/h5py-3.16.0-cp313-cp313-macosx_10_13_x86_64.whl", hash = "sha256:370a845f432c2c9619db8eed334d1e610c6015796122b0e57aa46312c22617d9", size = 3671808, upload-time = "2026-03-06T13:48:19.737Z" },
    { url = "https://files.pythonhosted.org/packages/b0/65/5e088a45d0f43cd814bc5bec521c051d42005a472e804b1a36c48dada09b/h5py-3.16.0-cp313-cp313-macosx_11_0_arm64.whl", hash = "sha256:42108e93326c50c2810025aade9eac9d6827524cdccc7d4b75a546e5ab308edb", size = 3045837, upload-time = "2026-03-06T13:48:21.854Z" },
    { url = "https://files.pythonhosted.org/packages/da/1e/6172269e18cc5a484e2913ced33339aad588e02ba407fafd00d369e22ef3/h5py-3.16.0-cp313-cp313-manylinux_2_28_aarch64.whl", hash = "sha256:099f2525c9dcf28de366970a5fb34879aab20491589fa89ce2863a84218bb524", size = 5193860, upload-time = "2026-03-06T13:48:24.071Z" },
    { url = "https://files.pythonhosted.org/packages/bd/98/ef2b6fe2903e377cbe870c3b2800d62552f1e3dbe81ce49e1923c53d1c5c/h5py-3.16.0-cp313-cp313-manylinux_2_28_x86_64.whl", hash = "sha256:9300ad32dea9dfc5171f94d5f6948e159ed93e4701280b0f508773b3f582f402", size = 5400417, upload-time = "2026-03-06T13:48:25.728Z" },
    { url = "https://files.pythonhosted.org/packages/bc/81/5b62d760039eed64348c98129d17061fdfc7839fc9c04eaaad6dee1004e4/h5py-3.16.0-cp313-cp313-musllinux_1_2_aarch64.whl", hash = "sha256:171038f23bccddfc23f344cadabdfc9917ff554db6a0d417180d2747fe4c75a7", size = 5185214, upload-time = "2026-03-06T13:48:27.436Z" },
    { url = "https://files.pythonhosted.org/packages/28/c4/532123bcd9080e250696779c927f2cb906c8bf3447df98f5ceb8dcded539/h5py-3.16.0-cp313-cp313-musllinux_1_2_x86_64.whl", hash = "sha256:7e420b539fb6023a259a1b14d4c9f6df8cf50d7268f48e161169987a57b737ff", size = 5414598, upload-time = "2026-03-06T13:48:29.49Z" },
    { url = "https://files.pythonhosted.org/packages/c3/d9/a27997f84341fc0dfcdd1fe4179b6ba6c32a7aa880fdb8c514d4dad6fba3/h5py-3.16.0-cp313-cp313-win_amd64.whl", hash = "sha256:18f2bbcd545e6991412253b98727374c356d67caa920e68dc79eab36bf5fedad", size = 3175509, upload-time = "2026-03-06T13:48:31.131Z" },
    { url = "https://files.pythonhosted.org/packages/a5/23/bb8647521d4fd770c30a76cfc6cb6a2f5495868904054e92f2394c5a78ff/h5py-3.16.0-cp313-cp313-win_arm64.whl", hash = "sha256:656f00e4d903199a1d58df06b711cf3ca632b874b4207b7dbec86185b5c8c7d4", size = 2647362, upload-time = "2026-03-06T13:48:33.411Z" },
    { url = "https://files.pythonhosted.org/packages/48/3c/7fcd9b4c9eed82e91fb15568992561019ae7a829d1f696b2c844355d95dd/h5py-3.16.0-cp314-cp314-macosx_10_15_x86_64.whl", hash = "sha256:9c9d307c0ef862d1cd5714f72ecfafe0a5d7529c44845afa8de9f46e5ba8bd65", size = 3678608, upload-time = "2026-03-06T13:48:35.183Z" },
    { url = "https://files.pythonhosted.org/packages/6a/b7/9366ed44ced9b7ef357ab48c94205280276db9d7f064aa3012a97227e966/h5py-3.16.0-cp314-cp314-macosx_11_0_arm64.whl", hash = "sha256:8c1eff849cdd53cbc73c214c30ebdb6f1bb8b64790b4b4fc36acdb5e43570210", size = 3054773, upload-time = "2026-03-06T13:48:37.139Z" },
    { url = "https://files.pythonhosted.org/packages/58/a5/4964bc0e91e86340c2bbda83420225b2f770dcf1eb8a39464871ad769436/h5py-3.16.0-cp314-cp314-manylinux_2_28_aarch64.whl", hash = "sha256:e2c04d129f180019e216ee5f9c40b78a418634091c8782e1f723a6ca3658b965", size = 5198886, upload-time = "2026-03-06T13:48:38.879Z" },
    { url = "https://files.pythonhosted.org/packages/f1/16/d905e7f53e661ce2c24686c38048d8e2b750ffc4350009d41c4e6c6c9826/h5py-3.16.0-cp314-cp314-manylinux_2_28_x86_64.whl", hash = "sha256:e4360f15875a532bc7b98196c7592ed4fc92672a57c0a621355961cafb17a6dd", size = 5404883, upload-time = "2026-03-06T13:48:41.324Z" },
    { url = "https://files.pythonhosted.org/packages/4b/f2/58f34cb74af46d39f4cd18ea20909a8514960c5a3e5b92fd06a28161e0a8/h5py-3.16.0-cp314-cp314-musllinux_1_2_aarch64.whl", hash = "sha256:3fae9197390c325e62e0a1aa977f2f62d994aa87aab182abbea85479b791197c", size = 5192039, upload-time = "2026-03-06T13:48:43.117Z" },
    { url = "https://files.pythonhosted.org/packages/ce/ca/934a39c24ce2e2db017268c08da0537c20fa0be7e1549be3e977313fc8f5/h5py-3.16.0-cp314-cp314-musllinux_1_2_x86_64.whl", hash = "sha256:43259303989ac8adacc9986695b31e35dba6fd1e297ff9c6a04b7da5542139cc", size = 5421526, upload-time = "2026-03-06T13:48:44.838Z" },
    { url = "https://files.pythonhosted.org/packages/3e/14/615a450205e1b56d16c6783f5ccd116cde05550faad70ae077c955654a75/h5py-3.16.0-cp314-cp314-win_amd64.whl", hash = "sha256:fa48993a0b799737ba7fd21e2350fa0a60701e58180fae9f2de834bc39a147ab", size = 3183263, upload-time = "2026-03-06T13:48:47.117Z" },
    { url = "https://files.pythonhosted.org/packages/7b/48/a6faef5ed632cae0c65ac6b214a6614a0b510c3183532c521bdb0055e117/h5py-3.16.0-cp314-cp314-win_arm64.whl", hash = "sha256:1897a771a7f40d05c262fc8f37376ec37873218544b70216872876c627640f63", size = 2663450, upload-time = "2026-03-06T13:48:48.707Z" },
    { url = "https://files.pythonhosted.org/packages/5d/32/0c8bb8aedb62c772cf7c1d427c7d1951477e8c2835f872bc0a13d1f85f86/h5py-3.16.0-cp314-cp314t-macosx_10_15_x86_64.whl", hash = "sha256:15922e485844f77c0b9d275396d435db3baa58292a9c2176a386e072e0cf2491", size = 3760693, upload-time = "2026-03-06T13:48:50.453Z" },
    { url = "https://files.pythonhosted.org/packages/1d/1f/fcc5977d32d6387c5c9a694afee716a5e20658ac08b3ff24fdec79fb05f2/h5py-3.16.0-cp314-cp314t-macosx_11_0_arm64.whl", hash = "sha256:df02dd29bd247f98674634dfe41f89fd7c16ba3d7de8695ec958f58404a4e618", size = 3181305, upload-time = "2026-03-06T13:48:52.221Z" },
    { url = "https://files.pythonhosted.org/packages/f5/a1/af87f64b9f986889884243643621ebbd4ac72472ba8ec8cec891ac8e2ca1/h5py-3.16.0-cp314-cp314t-manylinux_2_28_aarch64.whl", hash = "sha256:0f456f556e4e2cebeebd9d66adf8dc321770a42593494a0b6f0af54a7567b242", size = 5074061, upload-time = "2026-03-06T13:48:54.089Z" },
    { url = "https://files.pythonhosted.org/packages/cc/d0/146f5eaff3dc246a9c7f6e5e4f42bd45cc613bce16693bcd4d1f7c958bf5/h5py-3.16.0-cp314-cp314t-manylinux_2_28_x86_64.whl", hash = "sha256:3e6cb3387c756de6a9492d601553dffea3fe11b5f22b443aac708c69f3f55e16", size = 5279216, upload-time = "2026-03-06T13:48:56.75Z" },
    { url = "https://files.pythonhosted.org/packages/a1/9d/12a13424f1e604fc7df9497b73c0356fb78c2fb206abd7465ce47226e8fd/h5py-3.16.0-cp314-cp314t-musllinux_1_2_aarch64.whl", hash = "sha256:8389e13a1fd745ad2856873e8187fd10268b2d9677877bb667b41aebd771d8b7", size = 5070068, upload-time = "2026-03-06T13:48:59.169Z" },
    { url = "https://files.pythonhosted.org/packages/41/8c/bbe98f813722b4873818a8db3e15aa3e625b59278566905ac439725e8070/h5py-3.16.0-cp314-cp314t-musllinux_1_2_x86_64.whl", hash = "sha256:346df559a0f7dcb31cf8e44805319e2ab24b8957c45e7708ce503b2ec79ba725", size = 5300253, upload-time = "2026-03-06T13:49:02.033Z" },
    { url = "https://files.pythonhosted.org/packages/32/9e/87e6705b4d6890e7cecdf876e2a7d3e40654a2ae37482d79a6f1b87f7b92/h5py-3.16.0-cp314-cp314t-win_amd64.whl", hash = "sha256:4c6ab014ab704b4feaa719ae783b86522ed0bf1f82184704ed3c9e4e3228796e", size = 3381671, upload-time = "2026-03-06T13:49:04.351Z" },
    { url = "https://files.pythonhosted.org/packages/96/91/9fad90cfc5f9b2489c7c26ad897157bce82f0e9534a986a221b99760b23b/h5py-3.16.0-cp314-cp314t-win_arm64.whl", hash = "sha256:faca8fb4e4319c09d83337adc80b2ca7d5c5a343c2d6f1b6388f32cfecca13c1", size = 2740706, upload-time = "2026-03-06T13:49:06.347Z" },
]

[[package]]
name = "influxdb-client"
version = "1.50.0"
source = { registry = "https://pypi.org/simple" }
dependencies = [
    { name = "certifi" },
    { name = "python-dateutil" },
    { name = "reactivex" },
    { name = "urllib3" },
]
sdist = { url = "https://files.pythonhosted.org/packages/07/23/77a945465a556a8067917ba84bac04e312cee2a4fe03d41198fe79ed9c84/influxdb_client-1.50.0.tar.gz", hash = "sha256:c2a4906573097103fa6f9a2ab08efe2eb48c2fed60b8129a3e320affde445743", size = 386749, upload-time = "2026-01-23T09:39:39.322Z" }
wheels = [
    { url = "https://files.pythonhosted.org/packages/7f/ec/6b120b4a86f6fadc7ddb1d7c7cdcb15bcfb332deb022ab60df51bcd4494c/influxdb_client-1.50.0-py3-none-any.whl", hash = "sha256:f172975cf7f0c95bfe74f288b31273393b164d2c58a948de55497d9956ab49be", size = 746289, upload-time = "2026-01-23T09:39:37.377Z" },
]

[[package]]
name = "numpy"
version = "2.4.5"
source = { registry = "https://pypi.org/simple" }
sdist = { url = "https://files.pythonhosted.org/packages/50/8e/b8041bc719f056afd864478029d52214789341ac6583437b0ee5031e9530/numpy-2.4.5.tar.gz", hash = "sha256:ca670567a5683b7c1670ec03e0ddd5862e10934e92a70751d68d7b7b74ca7f9f", size = 20735669, upload-time = "2026-05-15T20:25:19.492Z" }
wheels = [
    { url = "https://files.pythonhosted.org/packages/6c/18/3275231e98620002681c922e792db04d72c356e9d8073c387344fc0e4ff1/numpy-2.4.5-cp312-cp312-macosx_10_13_x86_64.whl", hash = "sha256:654fb8674b61b1c4bd568f944d13a908566fdcb0d797303521d4149d16da05ef", size = 16689166, upload-time = "2026-05-15T20:22:50.761Z" },
    { url = "https://files.pythonhosted.org/packages/db/23/000aab6a16bdec53307f0f72546b57a3ac9266a62d8c257bee97d85fd078/numpy-2.4.5-cp312-cp312-macosx_11_0_arm64.whl", hash = "sha256:4cd9f6fa7ce10dc4627f2bb81dd9075dab67e94632e04c2b638e12575ddaa862", size = 14699514, upload-time = "2026-05-15T20:22:53.678Z" },
    { url = "https://files.pythonhosted.org/packages/47/cc/ddaf3af9c46966fef5be879256f213d85a0c56c75d07a3b7defec7cf6b4c/numpy-2.4.5-cp312-cp312-macosx_14_0_arm64.whl", hash = "sha256:4f5bc96d35d94e4ceab8b38a92241b4611e95dc44e63b9f1fa2a331858ee3507", size = 5204601, upload-time = "2026-05-15T20:22:56.257Z" },
    { url = "https://files.pythonhosted.org/packages/07/ea/627fadd11959b3c7759008f34c92a35af8ff942dd8284a66ced648bbe516/numpy-2.4.5-cp312-cp312-macosx_14_0_x86_64.whl", hash = "sha256:4bb33e900ee81730ad77a258965134aa8ceac805124f7e5229347beda4b8d0aa", size = 6551360, upload-time = "2026-05-15T20:22:58.334Z" },
    { url = "https://files.pythonhosted.org/packages/a1/47/0728b986b8682d742ff68c16baa5af9d185484abfc635c5cc700f44e62be/numpy-2.4.5-cp312-cp312-manylinux_2_27_aarch64.manylinux_2_28_aarch64.whl", hash = "sha256:32f8f852273ef32b291201ac2a2c97629c4a1ee8632bb670e3443eaa09fc2e72", size = 15671157, upload-time = "2026-05-15T20:23:01.081Z" },
    { url = "https://files.pythonhosted.org/packages/d1/0b/b905ae82d9419dc38123523862db64978ca2954b69609c3ae8fdaca1084c/numpy-2.4.5-cp312-cp312-manylinux_2_27_x86_64.manylinux_2_28_x86_64.whl", hash = "sha256:685681e956fc8dcb75adc6ff26694e1dfd738b24bd8d4696c51ca0110157f912", size = 16645703, upload-time = "2026-05-15T20:23:04.358Z" },
    { url = "https://files.pythonhosted.org/packages/5f/24/e27fc3f5236b4118ed9eed67111675f5c61a07ea333acec87c869c3b359d/numpy-2.4.5-cp312-cp312-musllinux_1_2_aarch64.whl", hash = "sha256:6f64dd84b277a737eb59513f6b9bb6195bf41ab11941ef15b2562dbab43fa8ef", size = 17021018, upload-time = "2026-05-15T20:23:07.021Z" },
    { url = "https://files.pythonhosted.org/packages/d3/a7/9041af38d527ab80a06a93570a77e29425b41507ad41f6acf5da78cfb4a4/numpy-2.4.5-cp312-cp312-musllinux_1_2_x86_64.whl", hash = "sha256:b42d9496f79e3a728192f05a42d86e36163217b7cdecb3813d0028a0aa6b72d7", size = 18368768, upload-time = "2026-05-15T20:23:09.44Z" },
    { url = "https://files.pythonhosted.org/packages/49/82/326a014442f32c2663434fd424d9298791f47f8a0f17585ad60519a5606e/numpy-2.4.5-cp312-cp312-win32.whl", hash = "sha256:86d980970f5110595ca14855768073b08585fc1acc36895de303e039e7dee4a5", size = 5962819, upload-time = "2026-05-15T20:23:11.631Z" },
    { url = "https://files.pythonhosted.org/packages/3c/f0/cbf5d391b0b3a5e8cad264603e2fae256b0bde8ce43566b13b78faedc659/numpy-2.4.5-cp312-cp312-win_amd64.whl", hash = "sha256:3333dba6a4e611d666f69e177ba8fe4140366ff681a5feb2374d3fd4fff3acb6", size = 12321621, upload-time = "2026-05-15T20:23:14.305Z" },
    { url = "https://files.pythonhosted.org/packages/3c/d0/0f18909d9bc37a5f3f969fc737d2bb5df9f2ff295f71b467e6f52a0d6c4e/numpy-2.4.5-cp312-cp312-win_arm64.whl", hash = "sha256:4593d197270b894efeb538dcbe227e4bcf1c77f88c4c6bf933ead812cfaa4453", size = 10221430, upload-time = "2026-05-15T20:23:16.887Z" },
    { url = "https://files.pythonhosted.org/packages/e3/a4/fb50657c7cab297bf34edcd60a074cb0647f61771430d6363575274160fe/numpy-2.4.5-cp313-cp313-macosx_10_13_x86_64.whl", hash = "sha256:1ef248460b645c102026b82337cc4e88231909c66dd77b59ec6d6cac7e44f277", size = 16684760, upload-time = "2026-05-15T20:23:19.436Z" },
    { url = "https://files.pythonhosted.org/packages/3e/43/87e731299b9408eda705b3b9cb31c7bceb9347d2af9cbb16b2b1e4b5bc0f/numpy-2.4.5-cp313-cp313-macosx_11_0_arm64.whl", hash = "sha256:4603622bdcdbf8dccb1d9d5b21d16a7aa4e473ae6c8e14048d846fd4ca2907a0", size = 14694117, upload-time = "2026-05-15T20:23:21.832Z" },
    { url = "https://files.pythonhosted.org/packages/a9/c7/0b2bb8acea222e9dd6e582afc2bc553b89b8833cbdccc68e68f050fb31f8/numpy-2.4.5-cp313-cp313-macosx_14_0_arm64.whl", hash = "sha256:6c18d49c67689c562854b53fdc433b93e47c12952aa6fa6d59f185e1a5992419", size = 5199141, upload-time = "2026-05-15T20:23:24.066Z" },
    { url = "https://files.pythonhosted.org/packages/39/60/b6972b5d47033d90000f0097c81a98b9486589a2d7003bf725bff275cb0d/numpy-2.4.5-cp313-cp313-macosx_14_0_x86_64.whl", hash = "sha256:b1c663ddc641f4192e90511bec61a09bc231e3bbdb996cdc6edbcaa0e528d685", size = 6546954, upload-time = "2026-05-15T20:23:26.099Z" },
    { url = "https://files.pythonhosted.org/packages/c1/e9/ed667cb12c11ca0adde431f685d3a5dd78e6f78b27228c581c8415198e9e/numpy-2.4.5-cp313-cp313-manylinux_2_27_aarch64.manylinux_2_28_aarch64.whl", hash = "sha256:93793222b524f692f12b2f8752ce8b1d9d9125b2bfd5dbf0fb69c92c5e1ce86c", size = 15669430, upload-time = "2026-05-15T20:23:28.147Z" },
    { url = "https://files.pythonhosted.org/packages/44/e5/679f6ffeb01294b0008e5ada4a113cb47617bc0e1819a529fd7973c6d7f4/numpy-2.4.5-cp313-cp313-manylinux_2_27_x86_64.manylinux_2_28_x86_64.whl", hash = "sha256:1616bde34b2bcba2fa9bde06217ce00da4f3d1bdfb264d54525a99e8fe170d83", size = 16633390, upload-time = "2026-05-15T20:23:31.622Z" },
    { url = "https://files.pythonhosted.org/packages/36/46/42bfffc9a780ec902ccd7470d3219192ee82b7b442710307dd85b4d121b0/numpy-2.4.5-cp313-cp313-musllinux_1_2_aarch64.whl", hash = "sha256:09d7d97da1c2c62f4818b3e150a57572ff8dcf1cf5ac501aac832ffd4ebd9566", size = 17020709, upload-time = "2026-05-15T20:23:34.08Z" },
    { url = "https://files.pythonhosted.org/packages/44/00/3e840bfee0cc6cec22209f2c97057f26eeb30de031e4933b4dfc0395416c/numpy-2.4.5-cp313-cp313-musllinux_1_2_x86_64.whl", hash = "sha256:2d68d0b355ab2e39fe0de59001d7151dfdbbb880ef67baeed806661e03df5097", size = 18357818, upload-time = "2026-05-15T20:23:36.965Z" },
    { url = "https://files.pythonhosted.org/packages/72/cb/3447b400b9da84134575486f0f656541559b00d4b262477bce9b678bbca8/numpy-2.4.5-cp313-cp313-win32.whl", hash = "sha256:fe28b64777ddfa0eca9b5f51474034ebe3dcb8324f48f27b28f479085673ae33", size = 5961114, upload-time = "2026-05-15T20:23:39.586Z" },
    { url = "https://files.pythonhosted.org/packages/28/f9/a90d2220ffcdc0798f5d55bb5d5463cd6254ec9ef43f384dae80217d7a2f/numpy-2.4.5-cp313-cp313-win_amd64.whl", hash = "sha256:fb4a6c9c537d6ccec9cc4aeae4261bd3cc79b070c67ddc0646f5b1c07fddde42", size = 12318553, upload-time = "2026-05-15T20:23:41.436Z" },
    { url = "https://files.pythonhosted.org/packages/b8/c9/96f531fb3234545315152d34efdf3de7daee81254448447eb619e8d16967/numpy-2.4.5-cp313-cp313-win_arm64.whl", hash = "sha256:6d7df2da2e7ea0624a43aa368104b3a3ce14aae98ad4bb2c9a93fecef76f1c97", size = 10222200, upload-time = "2026-05-15T20:23:43.681Z" },
    { url = "https://files.pythonhosted.org/packages/e1/f4/a291caab5a3c520babf93ff77c54fd5fdb1ebbc3296cee2eb2146ce773b1/numpy-2.4.5-cp313-cp313t-macosx_11_0_arm64.whl", hash = "sha256:2a235607a18df941760a695927051af4b1cd5d3ee85840d0e2af816785771feb", size = 14821438, upload-time = "2026-05-15T20:23:45.911Z" },
    { url = "https://files.pythonhosted.org/packages/85/26/13dbb1159b864370568e7309063fd72667984df89db74e9caeb175d067c7/numpy-2.4.5-cp313-cp313t-macosx_14_0_arm64.whl", hash = "sha256:58dcf64969d870f36bc7fbd557d2617e997db7dc06261b6e3327148ea460d0a4", size = 5326663, upload-time = "2026-05-15T20:23:48.18Z" },
    { url = "https://files.pythonhosted.org/packages/7c/99/d233408072a0e019e2288e27edd23f7d572ccd4a73d1539baa3270ede85d/numpy-2.4.5-cp313-cp313t-macosx_14_0_x86_64.whl", hash = "sha256:235f54b0156274d8fa3155db3ed6d2f401c7e8f3367c90db0a12f02a58fde6ed", size = 6646874, upload-time = "2026-05-15T20:23:49.856Z" },
    { url = "https://files.pythonhosted.org/packages/c5/00/eeb6f193dfe767725e952e0464f3e51f44145c5dd261cd7389aa36ac0713/numpy-2.4.5-cp313-cp313t-manylinux_2_27_aarch64.manylinux_2_28_aarch64.whl", hash = "sha256:ef3b5bb65437a3555c648e706475db01c645559ca80dc8b03e4f202ea757e0d6", size = 15728147, upload-time = "2026-05-15T20:23:51.655Z" },
    { url = "https://files.pythonhosted.org/packages/e5/c9/b8ed039f1fde1b13a8807c893e7e2f9432a379f4d6401edecf0028da5b2c/numpy-2.4.5-cp313-cp313t-manylinux_2_27_x86_64.manylinux_2_28_x86_64.whl", hash = "sha256:7f09a7e5f017d7098c66522097c96257411c9620c0926212200d66bc8cee3976", size = 16681770, upload-time = "2026-05-15T20:23:53.933Z" },
    { url = "https://files.pythonhosted.org/packages/11/5b/0198ef6cb7016eca6d895d392106012138127fab23f46637e76d5e25c9f5/numpy-2.4.5-cp313-cp313t-musllinux_1_2_aarch64.whl", hash = "sha256:993a88d8fdd8554466a8765cd8bacd97ba56b70ca6b0a04bcdca77f5afed4222", size = 17086218, upload-time = "2026-05-15T20:23:56.646Z" },
    { url = "https://files.pythonhosted.org/packages/f0/fe/8821f3cfc660ae84c92ee158505941874b62c56a42e035a41425228cd8cf/numpy-2.4.5-cp313-cp313t-musllinux_1_2_x86_64.whl", hash = "sha256:84f58bed609b5669f5ad3d597901a4f1f86ee5b3c3708aaa55f05b4fe6e0f656", size = 18403542, upload-time = "2026-05-15T20:23:59.173Z" },
    { url = "https://files.pythonhosted.org/packages/0e/00/e64ecaf498865e7b091f57658b2c522503e5d1b70e43b807f5f8247e1d88/numpy-2.4.5-cp313-cp313t-win32.whl", hash = "sha256:7200c58f3f933ca61e66346667dcc8510bb111995e9ce15398a731e6a4afa4bb", size = 6084903, upload-time = "2026-05-15T20:24:01.506Z" },
    { url = "https://files.pythonhosted.org/packages/20/c0/354997dedaf74e8311c2cf9a6027b476fd8d424cb92189cc0ae2b25f501c/numpy-2.4.5-cp313-cp313t-win_amd64.whl", hash = "sha256:c26c71080d35db5002102f5d9ff614d45de02aa1f7802943e691e063e5ee93bc", size = 12458420, upload-time = "2026-05-15T20:24:03.735Z" },
    { url = "https://files.pythonhosted.org/packages/66/dc/917ee5ea4a31ca1a6e4c9a85386477efa318dcc60db257c5ef4adda096c1/numpy-2.4.5-cp313-cp313t-win_arm64.whl", hash = "sha256:2caa576d1707b275cba1aeb60a5c50daa6fa2a3f28ecb08123bc05fd439005db", size = 10291826, upload-time = "2026-05-15T20:24:06.535Z" },
    { url = "https://files.pythonhosted.org/packages/ca/c1/3be0bf102fc17cff5bd142e3be0bfffabec6fa46da0a462396c76b0765d0/numpy-2.4.5-cp314-cp314-macosx_10_15_x86_64.whl", hash = "sha256:889ca2c072315de638a5194a772aa1fa2df92bdd6175f6a222d4784040424b61", size = 16683455, upload-time = "2026-05-15T20:24:08.988Z" },
    { url = "https://files.pythonhosted.org/packages/e8/3e/0742d724901fa36bc54b338c6e62e463a7601180da896aa44978f0adf004/numpy-2.4.5-cp314-cp314-macosx_11_0_arm64.whl", hash = "sha256:89e89304fb1f8c3f0ecfa4a7d48f311dd79771336a940e920159d643d1307e77", size = 14704577, upload-time = "2026-05-15T20:24:11.542Z" },
    { url = "https://files.pythonhosted.org/packages/25/1c/196c610ff4c6782d697ba780ebdc1616be143213701bf22c1a270f3bf7dd/numpy-2.4.5-cp314-cp314-macosx_14_0_arm64.whl", hash = "sha256:144fcc5a3a17679b2b82543b4a2d8dd29937230a7af13232b5f753872feb6361", size = 5209756, upload-time = "2026-05-15T20:24:14.091Z" },
    { url = "https://files.pythonhosted.org/packages/52/c0/23fb1bc506f774e03db66219a2830e720f4d3dbcaaddf855a7ff7bb6d96f/numpy-2.4.5-cp314-cp314-macosx_14_0_x86_64.whl", hash = "sha256:398bb16772b265b9fa5c07b07072646ea97137c10ffb62a9a087b277fc825c29", size = 6543937, upload-time = "2026-05-15T20:24:16.223Z" },
    { url = "https://files.pythonhosted.org/packages/9f/49/db4662c26e68520afcc84d672a6f9f5294063dee0e57a46d61afdaa7f9ed/numpy-2.4.5-cp314-cp314-manylinux_2_27_aarch64.manylinux_2_28_aarch64.whl", hash = "sha256:fb352e7b8876da1249e72254736d6c58c505fa4e58a3d7e30efca241ca9ca9ce", size = 15685292, upload-time = "2026-05-15T20:24:17.978Z" },
    { url = "https://files.pythonhosted.org/packages/43/80/1315439acedd8398319bac177d6de3d48ab39c62cc0c810f74f0a9a73996/numpy-2.4.5-cp314-cp314-manylinux_2_27_x86_64.manylinux_2_28_x86_64.whl", hash = "sha256:7341b08ff8124d7353939778e2707b8732d03c78c1c30e0815aba2dacbe1245a", size = 16638528, upload-time = "2026-05-15T20:24:20.478Z" },
    { url = "https://files.pythonhosted.org/packages/56/81/364388600932618fe735d97fdd2437cb8dd87a23377ac11d8b9d5db098b7/numpy-2.4.5-cp314-cp314-musllinux_1_2_aarch64.whl", hash = "sha256:deb01226f012539f3945261ffe1c10aec081a0fa0a5c925419933c70f3ae2d23", size = 17036709, upload-time = "2026-05-15T20:24:22.949Z" },
    { url = "https://files.pythonhosted.org/packages/32/4a/a1185b18a94a6d9587e54b437e7d0ba36ecf6e614f1bea03f5249912c64e/numpy-2.4.5-cp314-cp314-musllinux_1_2_x86_64.whl", hash = "sha256:d888bdf7335f76878c3c7b264ac1ff089863e211ec81249f9fb5795c2183dc25", size = 18363254, upload-time = "2026-05-15T20:24:25.402Z" },
    { url = "https://files.pythonhosted.org/packages/b9/8e/95c1d2ed15ae97750ede8c8a0ac487c9c01207afff430f47078b1d9d7dc5/numpy-2.4.5-cp314-cp314-win32.whl", hash = "sha256:15f90d1256e9b2320aff24fde44815b787ab6d7c49a1a11bfd8138b321c5f080", size = 6010184, upload-time = "2026-05-15T20:24:27.852Z" },
    { url = "https://files.pythonhosted.org/packages/aa/92/d063df4d63d988b20d881856c74df76c0c1786229bb870f3a52af0981d4d/numpy-2.4.5-cp314-cp314-win_amd64.whl", hash = "sha256:4bd2cd4ef9c0afa87de73723c0a33c0edff62143e1432917458e26d3d195d87f", size = 12450344, upload-time = "2026-05-15T20:24:29.856Z" },
    { url = "https://files.pythonhosted.org/packages/3d/64/c0ae481f7c3b2f85869bcd8fc5d30aa7c96b394162eef9c9315957f115c5/numpy-2.4.5-cp314-cp314-win_arm64.whl", hash = "sha256:db304568c650e9d7039744d3575d0d287754debb2057d7c7b8cdfdc2c487a957", size = 10495674, upload-time = "2026-05-15T20:24:32.352Z" },
    { url = "https://files.pythonhosted.org/packages/57/89/c5a4c677acf17aa50ba09a15e61812f90baac42bb6ca38d112e005858351/numpy-2.4.5-cp314-cp314t-macosx_11_0_arm64.whl", hash = "sha256:6de2883e0d2c63eae1bab1a84b390dca74aabb3d20ea1f5d58f360853c83abf3", size = 14824078, upload-time = "2026-05-15T20:24:34.669Z" },
    { url = "https://files.pythonhosted.org/packages/e7/52/57e7144284f6b51ba93523e495ff239260b1ecd5257e3700a436332e5688/numpy-2.4.5-cp314-cp314t-macosx_14_0_arm64.whl", hash = "sha256:06760fe73ae5005008748d182de612c733542af3cde063d532cd2127561b27be", size = 5329246, upload-time = "2026-05-15T20:24:36.957Z" },
    { url = "https://files.pythonhosted.org/packages/b9/b3/09dbce80fd4a7db4318f2fc01eec0ae76f29306442b5a32d4b811d082cdf/numpy-2.4.5-cp314-cp314t-macosx_14_0_x86_64.whl", hash = "sha256:4b51a01745cb04cc19278482207444b4d30728ce91c28d27a3bfae5fc6ff24c7", size = 6649877, upload-time = "2026-05-15T20:24:38.861Z" },
    { url = "https://files.pythonhosted.org/packages/30/c2/dbdb23e82d540b757690ef13f011c386fca6a63848eec6136baf8ce7cbed/numpy-2.4.5-cp314-cp314t-manylinux_2_27_aarch64.manylinux_2_28_aarch64.whl", hash = "sha256:9a05636d7937d0936f271e5ba957fa8d746b5be3c2025caa1a2508f4fe521d40", size = 15730534, upload-time = "2026-05-15T20:24:41.168Z" },
    { url = "https://files.pythonhosted.org/packages/c4/bd/68f6e9b3c20decf40ac06708a7b506757e3a8588efed32988d1b747316be/numpy-2.4.5-cp314-cp314t-manylinux_2_27_x86_64.manylinux_2_28_x86_64.whl", hash = "sha256:14b86f56048ed09c3bbe48962a7dff077c2fd3274f8cf981800f3b38eac49cc3", size = 16679741, upload-time = "2026-05-15T20:24:44.874Z" },
    { url = "https://files.pythonhosted.org/packages/39/1d/0fcac0b6b4ea1b50ca8fca05a34bed5c8d56e34c1cb5ffb04cf76109ac3c/numpy-2.4.5-cp314-cp314t-musllinux_1_2_aarch64.whl", hash = "sha256:130d58151c4db23e9fa860b84784e219a3aa3e030acc88a493ea37006c4dfd4c", size = 17085598, upload-time = "2026-05-15T20:24:47.603Z" },
    { url = "https://files.pythonhosted.org/packages/0b/e8/a472b2564cf6cc498ad7aa9741d9832648221b8ab8cc0dbef41faa248ede/numpy-2.4.5-cp314-cp314t-musllinux_1_2_x86_64.whl", hash = "sha256:d475afc8cbe935ff5944f753d863bba774d7f4e1feaaa4102901e3e053ca5963", size = 18403855, upload-time = "2026-05-15T20:24:50.474Z" },
    { url = "https://files.pythonhosted.org/packages/b9/a4/da82196f8cc4bd28ecf17bd57008c84f3d4696caf06753d9bad45e4ad749/numpy-2.4.5-cp314-cp314t-win32.whl", hash = "sha256:27f4a6dc26353a860b348961b9aa9e009835688b435cfa105e873b8dc2c726f5", size = 6156900, upload-time = "2026-05-15T20:24:53.134Z" },
    { url = "https://files.pythonhosted.org/packages/98/31/860959b91a73d9a085006554fa3850da51a7ffab64599bac5097243438ab/numpy-2.4.5-cp314-cp314t-win_amd64.whl", hash = "sha256:76ac6e90f5e226011c88f9b7040a4bcae612518bc7e9adc127e697a13b28ad1a", size = 12638906, upload-time = "2026-05-15T20:24:55.009Z" },
    { url = "https://files.pythonhosted.org/packages/9e/2a/bbd3097913083ad07c0f28fc9629666221fc18923e17ce97ae22a5dccdd6/numpy-2.4.5-cp314-cp314t-win_arm64.whl", hash = "sha256:7c392e2c1bf596701d3c6832be7567eab5d5b0a13865036c33365ee097d37f8b", size = 10565875, upload-time = "2026-05-15T20:24:57.425Z" },
]

[[package]]
name = "protobuf"
version = "7.34.1"
source = { registry = "https://pypi.org/simple" }
sdist = { url = "https://files.pythonhosted.org/packages/6b/6b/a0e95cad1ad7cc3f2c6821fcab91671bd5b78bd42afb357bb4765f29bc41/protobuf-7.34.1.tar.gz", hash = "sha256:9ce42245e704cc5027be797c1db1eb93184d44d1cdd71811fb2d9b25ad541280", size = 454708, upload-time = "2026-03-20T17:34:47.036Z" }
wheels = [
    { url = "https://files.pythonhosted.org/packages/ec/11/3325d41e6ee15bf1125654301211247b042563bcc898784351252549a8ad/protobuf-7.34.1-cp310-abi3-macosx_10_9_universal2.whl", hash = "sha256:d8b2cc79c4d8f62b293ad9b11ec3aebce9af481fa73e64556969f7345ebf9fc7", size = 429247, upload-time = "2026-03-20T17:34:37.024Z" },
    { url = "https://files.pythonhosted.org/packages/eb/9d/aa69df2724ff63efa6f72307b483ce0827f4347cc6d6df24b59e26659fef/protobuf-7.34.1-cp310-abi3-manylinux2014_aarch64.whl", hash = "sha256:5185e0e948d07abe94bb76ec9b8416b604cfe5da6f871d67aad30cbf24c3110b", size = 325753, upload-time = "2026-03-20T17:34:38.751Z" },
    { url = "https://files.pythonhosted.org/packages/92/e8/d174c91fd48e50101943f042b09af9029064810b734e4160bbe282fa1caa/protobuf-7.34.1-cp310-abi3-manylinux2014_s390x.whl", hash = "sha256:403b093a6e28a960372b44e5eb081775c9b056e816a8029c61231743d63f881a", size = 340198, upload-time = "2026-03-20T17:34:39.871Z" },
    { url = "https://files.pythonhosted.org/packages/53/1b/3b431694a4dc6d37b9f653f0c64b0a0d9ec074ee810710c0c3da21d67ba7/protobuf-7.34.1-cp310-abi3-manylinux2014_x86_64.whl", hash = "sha256:8ff40ce8cd688f7265326b38d5a1bed9bfdf5e6723d49961432f83e21d5713e4", size = 324267, upload-time = "2026-03-20T17:34:41.1Z" },
    { url = "https://files.pythonhosted.org/packages/85/29/64de04a0ac142fb685fd09999bc3d337943fb386f3a0ec57f92fd8203f97/protobuf-7.34.1-cp310-abi3-win32.whl", hash = "sha256:34b84ce27680df7cca9f231043ada0daa55d0c44a2ddfaa58ec1d0d89d8bf60a", size = 426628, upload-time = "2026-03-20T17:34:42.536Z" },
    { url = "https://files.pythonhosted.org/packages/4d/87/cb5e585192a22b8bd457df5a2c16a75ea0db9674c3a0a39fc9347d84e075/protobuf-7.34.1-cp310-abi3-win_amd64.whl", hash = "sha256:e97b55646e6ce5cbb0954a8c28cd39a5869b59090dfaa7df4598a7fba869468c", size = 437901, upload-time = "2026-03-20T17:34:44.112Z" },
    { url = "https://files.pythonhosted.org/packages/88/95/608f665226bca68b736b79e457fded9a2a38c4f4379a4a7614303d9db3bc/protobuf-7.34.1-py3-none-any.whl", hash = "sha256:bb3812cd53aefea2b028ef42bd780f5b96407247f20c6ef7c679807e9d188f11", size = 170715, upload-time = "2026-03-20T17:34:45.384Z" },
]

[[package]]
name = "python-dateutil"
version = "2.9.0.post0"
source = { registry = "https://pypi.org/simple" }
dependencies = [
    { name = "six" },
]
sdist = { url = "https://files.pythonhosted.org/packages/66/c0/0c8b6ad9f17a802ee498c46e004a0eb49bc148f2fd230864601a86dcf6db/python-dateutil-2.9.0.post0.tar.gz", hash = "sha256:37dd54208da7e1cd875388217d5e00ebd4179249f90fb72437e91a35459a0ad3", size = 342432, upload-time = "2024-03-01T18:36:20.211Z" }
wheels = [
    { url = "https://files.pythonhosted.org/packages/ec/57/56b9bcc3c9c6a792fcbaf139543cee77261f3651ca9da0c93f5c1221264b/python_dateutil-2.9.0.post0-py2.py3-none-any.whl", hash = "sha256:a8b2bc7bffae282281c8140a97d3aa9c14da0b136dfe83f850eea9a5f7470427", size = 229892, upload-time = "2024-03-01T18:36:18.57Z" },
]

[[package]]
name = "python-dotenv"
version = "1.2.2"
source = { registry = "https://pypi.org/simple" }
sdist = { url = "https://files.pythonhosted.org/packages/82/ed/0301aeeac3e5353ef3d94b6ec08bbcabd04a72018415dcb29e588514bba8/python_dotenv-1.2.2.tar.gz", hash = "sha256:2c371a91fbd7ba082c2c1dc1f8bf89ca22564a087c2c287cd9b662adde799cf3", size = 50135, upload-time = "2026-03-01T16:00:26.196Z" }
wheels = [
    { url = "https://files.pythonhosted.org/packages/0b/d7/1959b9648791274998a9c3526f6d0ec8fd2233e4d4acce81bbae76b44b2a/python_dotenv-1.2.2-py3-none-any.whl", hash = "sha256:1d8214789a24de455a8b8bd8ae6fe3c6b69a5e3d64aa8a8e5d68e694bbcb285a", size = 22101, upload-time = "2026-03-01T16:00:25.09Z" },
]

[[package]]
name = "reactivex"
version = "4.1.0"
source = { registry = "https://pypi.org/simple" }
dependencies = [
    { name = "typing-extensions" },
]
sdist = { url = "https://files.pythonhosted.org/packages/b6/af/38a4b62468e4c5bd50acf511d86fe62e65a466aa6abb55b1d59a4a9e57f3/reactivex-4.1.0.tar.gz", hash = "sha256:c7499e3c802bccaa20839b3e17355a7d939573fded3f38ba3d4796278a169a3d", size = 113482, upload-time = "2025-11-05T21:44:24.557Z" }
wheels = [
    { url = "https://files.pythonhosted.org/packages/ba/9e/3c2f5d3abb6c5d82f7696e1e3c69b7279049e928596ce82ed25ca97a08f3/reactivex-4.1.0-py3-none-any.whl", hash = "sha256:485750ec8d9b34bcc8ff4318971d234dc4f595058a1b4435a74aefef4b2bc9bd", size = 218588, upload-time = "2025-11-05T21:44:23.015Z" },
]

[[package]]
name = "six"
version = "1.17.0"
source = { registry = "https://pypi.org/simple" }
sdist = { url = "https://files.pythonhosted.org/packages/94/e7/b2c673351809dca68a0e064b6af791aa332cf192da575fd474ed7d6f16a2/six-1.17.0.tar.gz", hash = "sha256:ff70335d468e7eb6ec65b95b99d3a2836546063f63acc5171de367e834932a81", size = 34031, upload-time = "2024-12-04T17:35:28.174Z" }
wheels = [
    { url = "https://files.pythonhosted.org/packages/b7/ce/149a00dd41f10bc29e5921b496af8b574d8413afcd5e30dfa0ed46c2cc5e/six-1.17.0-py2.py3-none-any.whl", hash = "sha256:4721f391ed90541fddacab5acf947aa0d3dc7d27b2e1e8eda2be8970586c3274", size = 11050, upload-time = "2024-12-04T17:35:26.475Z" },
]

[[package]]
name = "types-protobuf"
version = "7.34.1.20260508"
source = { registry = "https://pypi.org/simple" }
sdist = { url = "https://files.pythonhosted.org/packages/05/1b/4ae76c732caa3ff5786ac9039d592d526ff2db898da93176c40b63e0b110/types_protobuf-7.34.1.20260508.tar.gz", hash = "sha256:1c93e8c294281b76a5255fc21c747db0004694463ac6ea9866ee06da969fa555", size = 68871, upload-time = "2026-05-08T04:46:17.465Z" }
wheels = [
    { url = "https://files.pythonhosted.org/packages/9e/61/c94036a4690e18059e55451ba5ce6294ea790651a0f5a429ad961e6b9675/types_protobuf-7.34.1.20260508-py3-none-any.whl", hash = "sha256:a5d647381f8651bd505304ed1148b8a7b342781796e0f80e0284c774c2262a09", size = 85984, upload-time = "2026-05-08T04:46:16.422Z" },
]

[[package]]
name = "typing-extensions"
version = "4.15.0"
source = { registry = "https://pypi.org/simple" }
sdist = { url = "https://files.pythonhosted.org/packages/72/94/1a15dd82efb362ac84269196e94cf00f187f7ed21c242792a923cdb1c61f/typing_extensions-4.15.0.tar.gz", hash = "sha256:0cea48d173cc12fa28ecabc3b837ea3cf6f38c6d1136f85cbaaf598984861466", size = 109391, upload-time = "2025-08-25T13:49:26.313Z" }
wheels = [
    { url = "https://files.pythonhosted.org/packages/18/67/36e9267722cc04a6b9f15c7f3441c2363321a3ea07da7ae0c0707beb2a9c/typing_extensions-4.15.0-py3-none-any.whl", hash = "sha256:f0fa19c6845758ab08074a0cfa8b7aecb71c999ca73d62883bc25cc018c4e548", size = 44614, upload-time = "2025-08-25T13:49:24.86Z" },
]

[[package]]
name = "urllib3"
version = "2.7.0"
source = { registry = "https://pypi.org/simple" }
sdist = { url = "https://files.pythonhosted.org/packages/53/0c/06f8b233b8fd13b9e5ee11424ef85419ba0d8ba0b3138bf360be2ff56953/urllib3-2.7.0.tar.gz", hash = "sha256:231e0ec3b63ceb14667c67be60f2f2c40a518cb38b03af60abc813da26505f4c", size = 433602, upload-time = "2026-05-07T16:13:18.596Z" }
wheels = [
    { url = "https://files.pythonhosted.org/packages/7f/3e/5db95bcf282c52709639744ca2a8b149baccf648e39c8cc87553df9eae0c/urllib3-2.7.0-py3-none-any.whl", hash = "sha256:9fb4c81ebbb1ce9531cce37674bbc6f1360472bc18ca9a553ede278ef7276897", size = 131087, upload-time = "2026-05-07T16:13:17.151Z" },
]
